lockfileVersion: '9.0'

settings:
  autoInstallPeers: true
  excludeLinksFromLockfile: false

importers:

  .:
    dependencies:
      copilot-project:
        specifier: ^1.0.3
        version: 1.0.3

packages:

  copilot-project@1.0.3:
    resolution: {integrity: sha512-86m76QZRDl0xNUhCpKX7IAfjyGi28EsZYKZ8QEgRYet4kdxWXXheKDWpoGiFkS5s7CjLfkakRLdmE62MUHmq/A==}

snapshots:

  copilot-project@1.0.3: {}
