lockfileVersion: '9.0'

settings:
  autoInstallPeers: true
  excludeLinksFromLockfile: false

importers:

  .:
    dependencies:
      copilot-project:
        specifier: ^1.0.2
        version: 1.0.2

packages:

  copilot-project@1.0.2:
    resolution: {integrity: sha512-oW4KZbnuV+p49Pn2RxGp2TMDSHWwg32xUxKYjfScyzWHTsSSsjW9CuHm44qALI+d1iGuQjc1BKf4TP1s+vfeJw==}

snapshots:

  copilot-project@1.0.2: {}
